// !$*UTF8*$!
{
	archiveVersion = 1;
	classes = {
	};
	objectVersion = 55;
	objects = {

/* Begin PBXBuildFile section */
		465BD86060E908847C7BF4C4 /* Pods_CleanNetworkingArchitecture.framework in Frameworks */ = {isa = PBXBuildFile; fileRef = 9DAB1350726B600E157F11EB /* Pods_CleanNetworkingArchitecture.framework */; };
		82335E9E2870716800090B8B /* AppDelegate.swift in Sources */ = {isa = PBXBuildFile; fileRef = 82335E9D2870716800090B8B /* AppDelegate.swift */; };
		82335EA02870716800090B8B /* SceneDelegate.swift in Sources */ = {isa = PBXBuildFile; fileRef = 82335E9F2870716800090B8B /* SceneDelegate.swift */; };
		82335EA22870716800090B8B /* ViewController.swift in Sources */ = {isa = PBXBuildFile; fileRef = 82335EA12870716800090B8B /* ViewController.swift */; };
		82335EA52870716800090B8B /* Main.storyboard in Resources */ = {isa = PBXBuildFile; fileRef = 82335EA32870716800090B8B /* Main.storyboard */; };
		82335EA72870716A00090B8B /* Assets.xcassets in Resources */ = {isa = PBXBuildFile; fileRef = 82335EA62870716A00090B8B /* Assets.xcassets */; };
		82335EAA2870716A00090B8B /* LaunchScreen.storyboard in Resources */ = {isa = PBXBuildFile; fileRef = 82335EA82870716A00090B8B /* LaunchScreen.storyboard */; };
		82335EB92870847A00090B8B /* DefaultAPIResponseModel.swift in Sources */ = {isa = PBXBuildFile; fileRef = 82335EB82870847A00090B8B /* DefaultAPIResponseModel.swift */; };
		82335EBB287084BC00090B8B /* DefaultViewModel.swift in Sources */ = {isa = PBXBuildFile; fileRef = 82335EBA287084BC00090B8B /* DefaultViewModel.swift */; };
		82335EC52870854200090B8B /* Constants.swift in Sources */ = {isa = PBXBuildFile; fileRef = 82335EBD2870854200090B8B /* Constants.swift */; };
		82335EC62870854200090B8B /* APIPath.swift in Sources */ = {isa = PBXBuildFile; fileRef = 82335EBE2870854200090B8B /* APIPath.swift */; };
		82335EC72870854200090B8B /* Observable.swift in Sources */ = {isa = PBXBuildFile; fileRef = 82335EBF2870854200090B8B /* Observable.swift */; };
		82335EC82870854200090B8B /* APILoader.swift in Sources */ = {isa = PBXBuildFile; fileRef = 82335EC02870854200090B8B /* APILoader.swift */; };
		82335EC92870854200090B8B /* APIHandler.swift in Sources */ = {isa = PBXBuildFile; fileRef = 82335EC12870854200090B8B /* APIHandler.swift */; };
		82335ECA2870854200090B8B /* RequestHandler+Extension.swift in Sources */ = {isa = PBXBuildFile; fileRef = 82335EC22870854200090B8B /* RequestHandler+Extension.swift */; };
		82335ECB2870854200090B8B /* ResponseHandler+Extension.swift in Sources */ = {isa = PBXBuildFile; fileRef = 82335EC32870854200090B8B /* ResponseHandler+Extension.swift */; };
		82335ECC2870854200090B8B /* APIEnvironment.swift in Sources */ = {isa = PBXBuildFile; fileRef = 82335EC42870854200090B8B /* APIEnvironment.swift */; };
		82335ECE287085A600090B8B /* DefaultAPI.swift in Sources */ = {isa = PBXBuildFile; fileRef = 82335ECD287085A600090B8B /* DefaultAPI.swift */; };
		82335ED128708F4B00090B8B /* APICallers.swift in Sources */ = {isa = PBXBuildFile; fileRef = 82335ED028708F4B00090B8B /* APICallers.swift */; };
		82335ED32870B2BA00090B8B /* LivenessModel.swift in Sources */ = {isa = PBXBuildFile; fileRef = 82335ED22870B2BA00090B8B /* LivenessModel.swift */; };
/* End PBXBuildFile section */

/* Begin PBXFileReference section */
		31602012E9DD3DCBF224ECFA /* Pods-CleanNetworkingArchitecture.release.xcconfig */ = {isa = PBXFileReference; includeInIndex = 1; lastKnownFileType = text.xcconfig; name = "Pods-CleanNetworkingArchitecture.release.xcconfig"; path = "Target Support Files/Pods-CleanNetworkingArchitecture/Pods-CleanNetworkingArchitecture.release.xcconfig"; sourceTree = "<group>"; };
		82335E9A2870716800090B8B /* CleanNetworkingArchitecture.app */ = {isa = PBXFileReference; explicitFileType = wrapper.application; includeInIndex = 0; path = CleanNetworkingArchitecture.app; sourceTree = BUILT_PRODUCTS_DIR; };
		82335E9D2870716800090B8B /* AppDelegate.swift */ = {isa = PBXFileReference; lastKnownFileType = sourcecode.swift; path = AppDelegate.swift; sourceTree = "<group>"; };
		82335E9F2870716800090B8B /* SceneDelegate.swift */ = {isa = PBXFileReference; lastKnownFileType = sourcecode.swift; path = SceneDelegate.swift; sourceTree = "<group>"; };
		82335EA12870716800090B8B /* ViewController.swift */ = {isa = PBXFileReference; lastKnownFileType = sourcecode.swift; path = ViewController.swift; sourceTree = "<group>"; };
		82335EA42870716800090B8B /* Base */ = {isa = PBXFileReference; lastKnownFileType = file.storyboard; name = Base; path = Base.lproj/Main.storyboard; sourceTree = "<group>"; };
		82335EA62870716A00090B8B /* Assets.xcassets */ = {isa = PBXFileReference; lastKnownFileType = folder.assetcatalog; path = Assets.xcassets; sourceTree = "<group>"; };
		82335EA92870716A00090B8B /* Base */ = {isa = PBXFileReference; lastKnownFileType = file.storyboard; name = Base; path = Base.lproj/LaunchScreen.storyboard; sourceTree = "<group>"; };
		82335EAB2870716A00090B8B /* Info.plist */ = {isa = PBXFileReference; lastKnownFileType = text.plist.xml; path = Info.plist; sourceTree = "<group>"; };
		82335EB82870847A00090B8B /* DefaultAPIResponseModel.swift */ = {isa = PBXFileReference; lastKnownFileType = sourcecode.swift; path = DefaultAPIResponseModel.swift; sourceTree = "<group>"; };
		82335EBA287084BC00090B8B /* DefaultViewModel.swift */ = {isa = PBXFileReference; lastKnownFileType = sourcecode.swift; path = DefaultViewModel.swift; sourceTree = "<group>"; };
		82335EBD2870854200090B8B /* Constants.swift */ = {isa = PBXFileReference; fileEncoding = 4; lastKnownFileType = sourcecode.swift; path = Constants.swift; sourceTree = "<group>"; };
		82335EBE2870854200090B8B /* APIPath.swift */ = {isa = PBXFileReference; fileEncoding = 4; lastKnownFileType = sourcecode.swift; path = APIPath.swift; sourceTree = "<group>"; };
		82335EBF2870854200090B8B /* Observable.swift */ = {isa = PBXFileReference; fileEncoding = 4; lastKnownFileType = sourcecode.swift; path = Observable.swift; sourceTree = "<group>"; };
		82335EC02870854200090B8B /* APILoader.swift */ = {isa = PBXFileReference; fileEncoding = 4; lastKnownFileType = sourcecode.swift; path = APILoader.swift; sourceTree = "<group>"; };
		82335EC12870854200090B8B /* APIHandler.swift */ = {isa = PBXFileReference; fileEncoding = 4; lastKnownFileType = sourcecode.swift; path = APIHandler.swift; sourceTree = "<group>"; };
		82335EC22870854200090B8B /* RequestHandler+Extension.swift */ = {isa = PBXFileReference; fileEncoding = 4; lastKnownFileType = sourcecode.swift; path = "RequestHandler+Extension.swift"; sourceTree = "<group>"; };
		82335EC32870854200090B8B /* ResponseHandler+Extension.swift */ = {isa = PBXFileReference; fileEncoding = 4; lastKnownFileType = sourcecode.swift; path = "ResponseHandler+Extension.swift"; sourceTree = "<group>"; };
		82335EC42870854200090B8B /* APIEnvironment.swift */ = {isa = PBXFileReference; fileEncoding = 4; lastKnownFileType = sourcecode.swift; path = APIEnvironment.swift; sourceTree = "<group>"; };
		82335ECD287085A600090B8B /* DefaultAPI.swift */ = {isa = PBXFileReference; lastKnownFileType = sourcecode.swift; path = DefaultAPI.swift; sourceTree = "<group>"; };
		82335ED028708F4B00090B8B /* APICallers.swift */ = {isa = PBXFileReference; lastKnownFileType = sourcecode.swift; path = APICallers.swift; sourceTree = "<group>"; };
		82335ED22870B2BA00090B8B /* LivenessModel.swift */ = {isa = PBXFileReference; lastKnownFileType = sourcecode.swift; path = LivenessModel.swift; sourceTree = "<group>"; };
		9DAB1350726B600E157F11EB /* Pods_CleanNetworkingArchitecture.framework */ = {isa = PBXFileReference; explicitFileType = wrapper.framework; includeInIndex = 0; path = Pods_CleanNetworkingArchitecture.framework; sourceTree = BUILT_PRODUCTS_DIR; };
		EBA6CB28B54B690643755E4F /* Pods-CleanNetworkingArchitecture.debug.xcconfig */ = {isa = PBXFileReference; includeInIndex = 1; lastKnownFileType = text.xcconfig; name = "Pods-CleanNetworkingArchitecture.debug.xcconfig"; path = "Target Support Files/Pods-CleanNetworkingArchitecture/Pods-CleanNetworkingArchitecture.debug.xcconfig"; sourceTree = "<group>"; };
/* End PBXFileReference section */

/* Begin PBXFrameworksBuildPhase section */
		82335E972870716800090B8B /* Frameworks */ = {
			isa = PBXFrameworksBuildPhase;
			buildActionMask = 2147483647;
			files = (
				465BD86060E908847C7BF4C4 /* Pods_CleanNetworkingArchitecture.framework in Frameworks */,
			);
			runOnlyForDeploymentPostprocessing = 0;
		};
/* End PBXFrameworksBuildPhase section */

/* Begin PBXGroup section */
		82335E912870716800090B8B = {
			isa = PBXGroup;
			children = (
				82335E9C2870716800090B8B /* CleanNetworkingArchitecture */,
				82335E9B2870716800090B8B /* Products */,
				ACCD789F39E84E3BE93742E1 /* Pods */,
				DF00A2923764772486247166 /* Frameworks */,
			);
			sourceTree = "<group>";
		};
		82335E9B2870716800090B8B /* Products */ = {
			isa = PBXGroup;
			children = (
				82335E9A2870716800090B8B /* CleanNetworkingArchitecture.app */,
			);
			name = Products;
			sourceTree = "<group>";
		};
		82335E9C2870716800090B8B /* CleanNetworkingArchitecture */ = {
			isa = PBXGroup;
			children = (
				82335ECF28708F3C00090B8B /* Managers */,
				82335EBC2870853300090B8B /* Network */,
				82335EB72870845600090B8B /* DefaultModels */,
				82335E9D2870716800090B8B /* AppDelegate.swift */,
				82335E9F2870716800090B8B /* SceneDelegate.swift */,
				82335EA12870716800090B8B /* ViewController.swift */,
				82335EA32870716800090B8B /* Main.storyboard */,
				82335EA62870716A00090B8B /* Assets.xcassets */,
				82335EA82870716A00090B8B /* LaunchScreen.storyboard */,
				82335EAB2870716A00090B8B /* Info.plist */,
			);
			path = CleanNetworkingArchitecture;
			sourceTree = "<group>";
		};
		82335EB72870845600090B8B /* DefaultModels */ = {
			isa = PBXGroup;
			children = (
				82335EB82870847A00090B8B /* DefaultAPIResponseModel.swift */,
				82335EBA287084BC00090B8B /* DefaultViewModel.swift */,
				82335ED22870B2BA00090B8B /* LivenessModel.swift */,
			);
			path = DefaultModels;
			sourceTree = "<group>";
		};
		82335EBC2870853300090B8B /* Network */ = {
			isa = PBXGroup;
			children = (
				82335EC42870854200090B8B /* APIEnvironment.swift */,
				82335EC12870854200090B8B /* APIHandler.swift */,
				82335EC02870854200090B8B /* APILoader.swift */,
				82335EBE2870854200090B8B /* APIPath.swift */,
				82335EBD2870854200090B8B /* Constants.swift */,
				82335EBF2870854200090B8B /* Observable.swift */,
				82335EC22870854200090B8B /* RequestHandler+Extension.swift */,
				82335EC32870854200090B8B /* ResponseHandler+Extension.swift */,
				82335ECD287085A600090B8B /* DefaultAPI.swift */,
			);
			path = Network;
			sourceTree = "<group>";
		};
		82335ECF28708F3C00090B8B /* Managers */ = {
			isa = PBXGroup;
			children = (
				82335ED028708F4B00090B8B /* APICallers.swift */,
			);
			path = Managers;
			sourceTree = "<group>";
		};
		ACCD789F39E84E3BE93742E1 /* Pods */ = {
			isa = PBXGroup;
			children = (
				EBA6CB28B54B690643755E4F /* Pods-CleanNetworkingArchitecture.debug.xcconfig */,
				31602012E9DD3DCBF224ECFA /* Pods-CleanNetworkingArchitecture.release.xcconfig */,
			);
			name = Pods;
			path = Pods;
			sourceTree = "<group>";
		};
		DF00A2923764772486247166 /* Frameworks */ = {
			isa = PBXGroup;
			children = (
				9DAB1350726B600E157F11EB /* Pods_CleanNetworkingArchitecture.framework */,
			);
			name = Frameworks;
			sourceTree = "<group>";
		};
/* End PBXGroup section */

/* Begin PBXNativeTarget section */
		82335E992870716800090B8B /* CleanNetworkingArchitecture */ = {
			isa = PBXNativeTarget;
			buildConfigurationList = 82335EAE2870716A00090B8B /* Build configuration list for PBXNativeTarget "CleanNetworkingArchitecture" */;
			buildPhases = (
				2D3FE8FB8EB658319D21CB71 /* [CP] Check Pods Manifest.lock */,
				82335E962870716800090B8B /* Sources */,
				82335E972870716800090B8B /* Frameworks */,
				82335E982870716800090B8B /* Resources */,
				6CA27D213476AD3BF0D9F2B9 /* [CP] Embed Pods Frameworks */,
			);
			buildRules = (
			);
			dependencies = (
			);
			name = CleanNetworkingArchitecture;
			productName = CleanNetworkingArchitecture;
			productReference = 82335E9A2870716800090B8B /* CleanNetworkingArchitecture.app */;
			productType = "com.apple.product-type.application";
		};
/* End PBXNativeTarget section */

/* Begin PBXProject section */
		82335E922870716800090B8B /* Project object */ = {
			isa = PBXProject;
			attributes = {
				BuildIndependentTargetsInParallel = 1;
				LastSwiftUpdateCheck = 1330;
				LastUpgradeCheck = 1330;
				TargetAttributes = {
					82335E992870716800090B8B = {
						CreatedOnToolsVersion = 13.3.1;
					};
				};
			};
			buildConfigurationList = 82335E952870716800090B8B /* Build configuration list for PBXProject "CleanNetworkingArchitecture" */;
			compatibilityVersion = "Xcode 13.0";
			developmentRegion = en;
			hasScannedForEncodings = 0;
			knownRegions = (
				en,
				Base,
			);
			mainGroup = 82335E912870716800090B8B;
			productRefGroup = 82335E9B2870716800090B8B /* Products */;
			projectDirPath = "";
			projectRoot = "";
			targets = (
				82335E992870716800090B8B /* CleanNetworkingArchitecture */,
			);
		};
/* End PBXProject section */

/* Begin PBXResourcesBuildPhase section */
		82335E982870716800090B8B /* Resources */ = {
			isa = PBXResourcesBuildPhase;
			buildActionMask = 2147483647;
			files = (
				82335EAA2870716A00090B8B /* LaunchScreen.storyboard in Resources */,
				82335EA72870716A00090B8B /* Assets.xcassets in Resources */,
				82335EA52870716800090B8B /* Main.storyboard in Resources */,
			);
			runOnlyForDeploymentPostprocessing = 0;
		};
/* End PBXResourcesBuildPhase section */

/* Begin PBXShellScriptBuildPhase section */
		2D3FE8FB8EB658319D21CB71 /* [CP] Check Pods Manifest.lock */ = {
			isa = PBXShellScriptBuildPhase;
			buildActionMask = 2147483647;
			files = (
			);
			inputFileListPaths = (
			);
			inputPaths = (
				"${PODS_PODFILE_DIR_PATH}/Podfile.lock",
				"${PODS_ROOT}/Manifest.lock",
			);
			name = "[CP] Check Pods Manifest.lock";
			outputFileListPaths = (
			);
			outputPaths = (
				"$(DERIVED_FILE_DIR)/Pods-CleanNetworkingArchitecture-checkManifestLockResult.txt",
			);
			runOnlyForDeploymentPostprocessing = 0;
			shellPath = /bin/sh;
			shellScript = "diff \"${PODS_PODFILE_DIR_PATH}/Podfile.lock\" \"${PODS_ROOT}/Manifest.lock\" > /dev/null\nif [ $? != 0 ] ; then\n    # print error to STDERR\n    echo \"error: The sandbox is not in sync with the Podfile.lock. Run 'pod install' or update your CocoaPods installation.\" >&2\n    exit 1\nfi\n# This output is used by Xcode 'outputs' to avoid re-running this script phase.\necho \"SUCCESS\" > \"${SCRIPT_OUTPUT_FILE_0}\"\n";
			showEnvVarsInLog = 0;
		};
		6CA27D213476AD3BF0D9F2B9 /* [CP] Embed Pods Frameworks */ = {
			isa = PBXShellScriptBuildPhase;
			buildActionMask = 2147483647;
			files = (
			);
			inputFileListPaths = (
				"${PODS_ROOT}/Target Support Files/Pods-CleanNetworkingArchitecture/Pods-CleanNetworkingArchitecture-frameworks-${CONFIGURATION}-input-files.xcfilelist",
			);
			name = "[CP] Embed Pods Frameworks";
			outputFileListPaths = (
				"${PODS_ROOT}/Target Support Files/Pods-CleanNetworkingArchitecture/Pods-CleanNetworkingArchitecture-frameworks-${CONFIGURATION}-output-files.xcfilelist",
			);
			runOnlyForDeploymentPostprocessing = 0;
			shellPath = /bin/sh;
			shellScript = "\"${PODS_ROOT}/Target Support Files/Pods-CleanNetworkingArchitecture/Pods-CleanNetworkingArchitecture-frameworks.sh\"\n";
			showEnvVarsInLog = 0;
		};
/* End PBXShellScriptBuildPhase section */

/* Begin PBXSourcesBuildPhase section */
		82335E962870716800090B8B /* Sources */ = {
			isa = PBXSourcesBuildPhase;
			buildActionMask = 2147483647;
			files = (
				82335EC72870854200090B8B /* Observable.swift in Sources */,
				82335EA22870716800090B8B /* ViewController.swift in Sources */,
				82335EC82870854200090B8B /* APILoader.swift in Sources */,
				82335ECB2870854200090B8B /* ResponseHandler+Extension.swift in Sources */,
				82335ECA2870854200090B8B /* RequestHandler+Extension.swift in Sources */,
				82335EB92870847A00090B8B /* DefaultAPIResponseModel.swift in Sources */,
				82335E9E2870716800090B8B /* AppDelegate.swift in Sources */,
				82335ED128708F4B00090B8B /* APICallers.swift in Sources */,
				82335ED32870B2BA00090B8B /* LivenessModel.swift in Sources */,
				82335EBB287084BC00090B8B /* DefaultViewModel.swift in Sources */,
				82335ECE287085A600090B8B /* DefaultAPI.swift in Sources */,
				82335EC62870854200090B8B /* APIPath.swift in Sources */,
				82335EC92870854200090B8B /* APIHandler.swift in Sources */,
				82335EA02870716800090B8B /* SceneDelegate.swift in Sources */,
				82335ECC2870854200090B8B /* APIEnvironment.swift in Sources */,
				82335EC52870854200090B8B /* Constants.swift in Sources */,
			);
			runOnlyForDeploymentPostprocessing = 0;
		};
/* End PBXSourcesBuildPhase section */

/* Begin PBXVariantGroup section */
		82335EA32870716800090B8B /* Main.storyboard */ = {
			isa = PBXVariantGroup;
			children = (
				82335EA42870716800090B8B /* Base */,
			);
			name = Main.storyboard;
			sourceTree = "<group>";
		};
		82335EA82870716A00090B8B /* LaunchScreen.storyboard */ = {
			isa = PBXVariantGroup;
			children = (
				82335EA92870716A00090B8B /* Base */,
			);
			name = LaunchScreen.storyboard;
			sourceTree = "<group>";
		};
/* End PBXVariantGroup section */

/* Begin XCBuildConfiguration section */
		82335EAC2870716A00090B8B /* Debug */ = {
			isa = XCBuildConfiguration;
			buildSettings = {
				ALWAYS_SEARCH_USER_PATHS = NO;
				CLANG_ANALYZER_NONNULL = YES;
				CLANG_ANALYZER_NUMBER_OBJECT_CONVERSION = YES_AGGRESSIVE;
				CLANG_CXX_LANGUAGE_STANDARD = "gnu++17";
				CLANG_ENABLE_MODULES = YES;
				CLANG_ENABLE_OBJC_ARC = YES;
				CLANG_ENABLE_OBJC_WEAK = YES;
				CLANG_WARN_BLOCK_CAPTURE_AUTORELEASING = YES;
				CLANG_WARN_BOOL_CONVERSION = YES;
				CLANG_WARN_COMMA = YES;
				CLANG_WARN_CONSTANT_CONVERSION = YES;
				CLANG_WARN_DEPRECATED_OBJC_IMPLEMENTATIONS = YES;
				CLANG_WARN_DIRECT_OBJC_ISA_USAGE = YES_ERROR;
				CLANG_WARN_DOCUMENTATION_COMMENTS = YES;
				CLANG_WARN_EMPTY_BODY = YES;
				CLANG_WARN_ENUM_CONVERSION = YES;
				CLANG_WARN_INFINITE_RECURSION = YES;
				CLANG_WARN_INT_CONVERSION = YES;
				CLANG_WARN_NON_LITERAL_NULL_CONVERSION = YES;
				CLANG_WARN_OBJC_IMPLICIT_RETAIN_SELF = YES;
				CLANG_WARN_OBJC_LITERAL_CONVERSION = YES;
				CLANG_WARN_OBJC_ROOT_CLASS = YES_ERROR;
				CLANG_WARN_QUOTED_INCLUDE_IN_FRAMEWORK_HEADER = YES;
				CLANG_WARN_RANGE_LOOP_ANALYSIS = YES;
				CLANG_WARN_STRICT_PROTOTYPES = YES;
				CLANG_WARN_SUSPICIOUS_MOVE = YES;
				CLANG_WARN_UNGUARDED_AVAILABILITY = YES_AGGRESSIVE;
				CLANG_WARN_UNREACHABLE_CODE = YES;
				CLANG_WARN__DUPLICATE_METHOD_MATCH = YES;
				COPY_PHASE_STRIP = NO;
				DEBUG_INFORMATION_FORMAT = dwarf;
				ENABLE_STRICT_OBJC_MSGSEND = YES;
				ENABLE_TESTABILITY = YES;
				GCC_C_LANGUAGE_STANDARD = gnu11;
				GCC_DYNAMIC_NO_PIC = NO;
				GCC_NO_COMMON_BLOCKS = YES;
				GCC_OPTIMIZATION_LEVEL = 0;
				GCC_PREPROCESSOR_DEFINITIONS = (
					"DEBUG=1",
					"$(inherited)",
				);
				GCC_WARN_64_TO_32_BIT_CONVERSION = YES;
				GCC_WARN_ABOUT_RETURN_TYPE = YES_ERROR;
				GCC_WARN_UNDECLARED_SELECTOR = YES;
				GCC_WARN_UNINITIALIZED_AUTOS = YES_AGGRESSIVE;
				GCC_WARN_UNUSED_FUNCTION = YES;
				GCC_WARN_UNUSED_VARIABLE = YES;
				IPHONEOS_DEPLOYMENT_TARGET = 15.4;
				MTL_ENABLE_DEBUG_INFO = INCLUDE_SOURCE;
				MTL_FAST_MATH = YES;
				ONLY_ACTIVE_ARCH = YES;
				SDKROOT = iphoneos;
				SWIFT_ACTIVE_COMPILATION_CONDITIONS = DEBUG;
				SWIFT_OPTIMIZATION_LEVEL = "-Onone";
			};
			name = Debug;
		};
		82335EAD2870716A00090B8B /* Release */ = {
			isa = XCBuildConfiguration;
			buildSettings = {
				ALWAYS_SEARCH_USER_PATHS = NO;
				CLANG_ANALYZER_NONNULL = YES;
				CLANG_ANALYZER_NUMBER_OBJECT_CONVERSION = YES_AGGRESSIVE;
				CLANG_CXX_LANGUAGE_STANDARD = "gnu++17";
				CLANG_ENABLE_MODULES = YES;
				CLANG_ENABLE_OBJC_ARC = YES;
				CLANG_ENABLE_OBJC_WEAK = YES;
				CLANG_WARN_BLOCK_CAPTURE_AUTORELEASING = YES;
				CLANG_WARN_BOOL_CONVERSION = YES;
				CLANG_WARN_COMMA = YES;
				CLANG_WARN_CONSTANT_CONVERSION = YES;
				CLANG_WARN_DEPRECATED_OBJC_IMPLEMENTATIONS = YES;
				CLANG_WARN_DIRECT_OBJC_ISA_USAGE = YES_ERROR;
				CLANG_WARN_DOCUMENTATION_COMMENTS = YES;
				CLANG_WARN_EMPTY_BODY = YES;
				CLANG_WARN_ENUM_CONVERSION = YES;
				CLANG_WARN_INFINITE_RECURSION = YES;
				CLANG_WARN_INT_CONVERSION = YES;
				CLANG_WARN_NON_LITERAL_NULL_CONVERSION = YES;
				CLANG_WARN_OBJC_IMPLICIT_RETAIN_SELF = YES;
				CLANG_WARN_OBJC_LITERAL_CONVERSION = YES;
				CLANG_WARN_OBJC_ROOT_CLASS = YES_ERROR;
				CLANG_WARN_QUOTED_INCLUDE_IN_FRAMEWORK_HEADER = YES;
				CLANG_WARN_RANGE_LOOP_ANALYSIS = YES;
				CLANG_WARN_STRICT_PROTOTYPES = YES;
				CLANG_WARN_SUSPICIOUS_MOVE = YES;
				CLANG_WARN_UNGUARDED_AVAILABILITY = YES_AGGRESSIVE;
				CLANG_WARN_UNREACHABLE_CODE = YES;
				CLANG_WARN__DUPLICATE_METHOD_MATCH = YES;
				COPY_PHASE_STRIP = NO;
				DEBUG_INFORMATION_FORMAT = "dwarf-with-dsym";
				ENABLE_NS_ASSERTIONS = NO;
				ENABLE_STRICT_OBJC_MSGSEND = YES;
				GCC_C_LANGUAGE_STANDARD = gnu11;
				GCC_NO_COMMON_BLOCKS = YES;
				GCC_WARN_64_TO_32_BIT_CONVERSION = YES;
				GCC_WARN_ABOUT_RETURN_TYPE = YES_ERROR;
				GCC_WARN_UNDECLARED_SELECTOR = YES;
				GCC_WARN_UNINITIALIZED_AUTOS = YES_AGGRESSIVE;
				GCC_WARN_UNUSED_FUNCTION = YES;
				GCC_WARN_UNUSED_VARIABLE = YES;
				IPHONEOS_DEPLOYMENT_TARGET = 15.4;
				MTL_ENABLE_DEBUG_INFO = NO;
				MTL_FAST_MATH = YES;
				SDKROOT = iphoneos;
				SWIFT_COMPILATION_MODE = wholemodule;
				SWIFT_OPTIMIZATION_LEVEL = "-O";
				VALIDATE_PRODUCT = YES;
			};
			name = Release;
		};
		82335EAF2870716A00090B8B /* Debug */ = {
			isa = XCBuildConfiguration;
			baseConfigurationReference = EBA6CB28B54B690643755E4F /* Pods-CleanNetworkingArchitecture.debug.xcconfig */;
			buildSettings = {
				ASSETCATALOG_COMPILER_APPICON_NAME = AppIcon;
				ASSETCATALOG_COMPILER_GLOBAL_ACCENT_COLOR_NAME = AccentColor;
				CODE_SIGN_STYLE = Automatic;
				CURRENT_PROJECT_VERSION = 1;
				DEVELOPMENT_TEAM = L5KQK28X5U;
				GENERATE_INFOPLIST_FILE = YES;
				INFOPLIST_FILE = CleanNetworkingArchitecture/Info.plist;
				INFOPLIST_KEY_UIApplicationSupportsIndirectInputEvents = YES;
				INFOPLIST_KEY_UILaunchStoryboardName = LaunchScreen;
				INFOPLIST_KEY_UIMainStoryboardFile = Main;
				INFOPLIST_KEY_UISupportedInterfaceOrientations_iPad = "UIInterfaceOrientationPortrait UIInterfaceOrientationPortraitUpsideDown UIInterfaceOrientationLandscapeLeft UIInterfaceOrientationLandscapeRight";
				INFOPLIST_KEY_UISupportedInterfaceOrientations_iPhone = "UIInterfaceOrientationPortrait UIInterfaceOrientationLandscapeLeft UIInterfaceOrientationLandscapeRight";
				LD_RUNPATH_SEARCH_PATHS = (
					"$(inherited)",
					"@executable_path/Frameworks",
				);
				MARKETING_VERSION = 1.0;
				PRODUCT_BUNDLE_IDENTIFIER = com.tesddev.CleanNetworkingArchitecture;
				PRODUCT_NAME = "$(TARGET_NAME)";
				SWIFT_EMIT_LOC_STRINGS = YES;
				SWIFT_VERSION = 5.0;
				TARGETED_DEVICE_FAMILY = "1,2";
			};
			name = Debug;
		};
		82335EB02870716A00090B8B /* Release */ = {
			isa = XCBuildConfiguration;
			baseConfigurationReference = 31602012E9DD3DCBF224ECFA /* Pods-CleanNetworkingArchitecture.release.xcconfig */;
			buildSettings = {
				ASSETCATALOG_COMPILER_APPICON_NAME = AppIcon;
				ASSETCATALOG_COMPILER_GLOBAL_ACCENT_COLOR_NAME = AccentColor;
				CODE_SIGN_STYLE = Automatic;
				CURRENT_PROJECT_VERSION = 1;
				DEVELOPMENT_TEAM = L5KQK28X5U;
				GENERATE_INFOPLIST_FILE = YES;
				INFOPLIST_FILE = CleanNetworkingArchitecture/Info.plist;
				INFOPLIST_KEY_UIApplicationSupportsIndirectInputEvents = YES;
				INFOPLIST_KEY_UILaunchStoryboardName = LaunchScreen;
				INFOPLIST_KEY_UIMainStoryboardFile = Main;
				INFOPLIST_KEY_UISupportedInterfaceOrientations_iPad = "UIInterfaceOrientationPortrait UIInterfaceOrientationPortraitUpsideDown UIInterfaceOrientationLandscapeLeft UIInterfaceOrientationLandscapeRight";
				INFOPLIST_KEY_UISupportedInterfaceOrientations_iPhone = "UIInterfaceOrientationPortrait UIInterfaceOrientationLandscapeLeft UIInterfaceOrientationLandscapeRight";
				LD_RUNPATH_SEARCH_PATHS = (
					"$(inherited)",
					"@executable_path/Frameworks",
				);
				MARKETING_VERSION = 1.0;
				PRODUCT_BUNDLE_IDENTIFIER = com.tesddev.CleanNetworkingArchitecture;
				PRODUCT_NAME = "$(TARGET_NAME)";
				SWIFT_EMIT_LOC_STRINGS = YES;
				SWIFT_VERSION = 5.0;
				TARGETED_DEVICE_FAMILY = "1,2";
			};
			name = Release;
		};
/* End XCBuildConfiguration section */

/* Begin XCConfigurationList section */
		82335E952870716800090B8B /* Build configuration list for PBXProject "CleanNetworkingArchitecture" */ = {
			isa = XCConfigurationList;
			buildConfigurations = (
				82335EAC2870716A00090B8B /* Debug */,
				82335EAD2870716A00090B8B /* Release */,
			);
			defaultConfigurationIsVisible = 0;
			defaultConfigurationName = Release;
		};
		82335EAE2870716A00090B8B /* Build configuration list for PBXNativeTarget "CleanNetworkingArchitecture" */ = {
			isa = XCConfigurationList;
			buildConfigurations = (
				82335EAF2870716A00090B8B /* Debug */,
				82335EB02870716A00090B8B /* Release */,
			);
			defaultConfigurationIsVisible = 0;
			defaultConfigurationName = Release;
		};
/* End XCConfigurationList section */
	};
	rootObject = 82335E922870716800090B8B /* Project object */;
}
